
Microsoft Visual Studio Solution File, Format Version 12.00
# Visual Studio Version 17
VisualStudioVersion = 17.12.35521.163 d17.12
MinimumVisualStudioVersion = 10.0.40219.1
Project("{FAE04EC0-301F-11D3-BF4B-00C04F79EFBC}") = "Tournament.API", "Tournament.API\Tournament.API.csproj", "{57D39111-626A-427E-9F84-A53031ECC417}"
EndProject
Project("{FAE04EC0-301F-11D3-BF4B-00C04F79EFBC}") = "Tournament.Core", "Tournament.Core\Tournament.Core.csproj", "{C9F81D10-ADD3-4BF8-84D9-78D1C1DBC794}"
EndProject
Project("{FAE04EC0-301F-11D3-BF4B-00C04F79EFBC}") = "Tournament.Data", "Tournament.Data\Tournament.Data.csproj", "{6069ED2E-DFF4-4D60-919E-6E007B5BC485}"
EndProject
Global
	GlobalSection(SolutionConfigurationPlatforms) = preSolution
		Debug|Any CPU = Debug|Any CPU
		Release|Any CPU = Release|Any CPU
	EndGlobalSection
	GlobalSection(ProjectConfigurationPlatforms) = postSolution
		{57D39111-626A-427E-9F84-A53031ECC417}.Debug|Any CPU.ActiveCfg = Debug|Any CPU
		{57D39111-626A-427E-9F84-A53031ECC417}.Debug|Any CPU.Build.0 = Debug|Any CPU
		{57D39111-626A-427E-9F84-A53031ECC417}.Release|Any CPU.ActiveCfg = Release|Any CPU
		{57D39111-626A-427E-9F84-A53031ECC417}.Release|Any CPU.Build.0 = Release|Any CPU
		{C9F81D10-ADD3-4BF8-84D9-78D1C1DBC794}.Debug|Any CPU.ActiveCfg = Debug|Any CPU
		{C9F81D10-ADD3-4BF8-84D9-78D1C1DBC794}.Debug|Any CPU.Build.0 = Debug|Any CPU
		{C9F81D10-ADD3-4BF8-84D9-78D1C1DBC794}.Release|Any CPU.ActiveCfg = Release|Any CPU
		{C9F81D10-ADD3-4BF8-84D9-78D1C1DBC794}.Release|Any CPU.Build.0 = Release|Any CPU
		{6069ED2E-DFF4-4D60-919E-6E007B5BC485}.Debug|Any CPU.ActiveCfg = Debug|Any CPU
		{6069ED2E-DFF4-4D60-919E-6E007B5BC485}.Debug|Any CPU.Build.0 = Debug|Any CPU
		{6069ED2E-DFF4-4D60-919E-6E007B5BC485}.Release|Any CPU.ActiveCfg = Release|Any CPU
		{6069ED2E-DFF4-4D60-919E-6E007B5BC485}.Release|Any CPU.Build.0 = Release|Any CPU
	EndGlobalSection
	GlobalSection(SolutionProperties) = preSolution
		HideSolutionNode = FALSE
	EndGlobalSection
EndGlobal
